
Microsoft Visual Studio Solution File, Format Version 12.00
# Visual Studio Version 16
VisualStudioVersion = 16.0.29418.71
MinimumVisualStudioVersion = 10.0.40219.1
Project("{FAE04EC0-301F-11D3-BF4B-00C04F79EFBC}") = "ValorantBot", "ValorantBot\ValorantBot.csproj", "{72B813A3-DE63-4BF6-ABE6-9F28C0D0386D}"
EndProject
Project("{2150E333-8FDC-42A3-9474-1A3956D46DE8}") = "Solution Items", "Solution Items", "{F5F197DF-CA1D-4E20-8B26-9FD278D49522}"
	ProjectSection(SolutionItems) = preProject
		ValorantBot\Assets\mountains.png = ValorantBot\Assets\mountains.png
	EndProjectSection
EndProject
Global
	GlobalSection(SolutionConfigurationPlatforms) = preSolution
		Debug|Any CPU = Debug|Any CPU
		Release|Any CPU = Release|Any CPU
	EndGlobalSection
	GlobalSection(ProjectConfigurationPlatforms) = postSolution
		{72B813A3-DE63-4BF6-ABE6-9F28C0D0386D}.Debug|Any CPU.ActiveCfg = Debug|Any CPU
		{72B813A3-DE63-4BF6-ABE6-9F28C0D0386D}.Debug|Any CPU.Build.0 = Debug|Any CPU
		{72B813A3-DE63-4BF6-ABE6-9F28C0D0386D}.Release|Any CPU.ActiveCfg = Release|Any CPU
		{72B813A3-DE63-4BF6-ABE6-9F28C0D0386D}.Release|Any CPU.Build.0 = Release|Any CPU
	EndGlobalSection
	GlobalSection(SolutionProperties) = preSolution
		HideSolutionNode = FALSE
	EndGlobalSection
	GlobalSection(ExtensibilityGlobals) = postSolution
		SolutionGuid = {070B4249-AE4B-4546-832C-A67087CC3E7C}
	EndGlobalSection
EndGlobal
